
Microsoft Visual Studio Solution File, Format Version 12.00
# Visual Studio 15
Project("{FAE04EC0-301F-11D3-BF4B-00C04F79EFBC}") = "Assembly-CSharp-firstpass", "Assembly-CSharp-firstpass.csproj", "{C3F4DE17-9B96-93F6-B179-4A873EEF9BA9}"
EndProject
Project("{FAE04EC0-301F-11D3-BF4B-00C04F79EFBC}") = "Assembly-CSharp", "Assembly-CSharp.csproj", "{1A0CE46B-0765-5AB8-D4CE-12BF2E8E7BE5}"
EndProject
Project("{FAE04EC0-301F-11D3-BF4B-00C04F79EFBC}") = "Assembly-CSharp-Editor-firstpass", "Assembly-CSharp-Editor-firstpass.csproj", "{72F200D8-5AF5-9C38-0138-53A5C9AAE384}"
EndProject
Global
	GlobalSection(SolutionConfigurationPlatforms) = preSolution
		Debug|Any CPU = Debug|Any CPU
		Release|Any CPU = Release|Any CPU
	EndGlobalSection
	GlobalSection(ProjectConfigurationPlatforms) = postSolution
		{C3F4DE17-9B96-93F6-B179-4A873EEF9BA9}.Debug|Any CPU.ActiveCfg = Debug|Any CPU
		{C3F4DE17-9B96-93F6-B179-4A873EEF9BA9}.Debug|Any CPU.Build.0 = Debug|Any CPU
		{C3F4DE17-9B96-93F6-B179-4A873EEF9BA9}.Release|Any CPU.ActiveCfg = Release|Any CPU
		{C3F4DE17-9B96-93F6-B179-4A873EEF9BA9}.Release|Any CPU.Build.0 = Release|Any CPU
		{1A0CE46B-0765-5AB8-D4CE-12BF2E8E7BE5}.Debug|Any CPU.ActiveCfg = Debug|Any CPU
		{1A0CE46B-0765-5AB8-D4CE-12BF2E8E7BE5}.Debug|Any CPU.Build.0 = Debug|Any CPU
		{1A0CE46B-0765-5AB8-D4CE-12BF2E8E7BE5}.Release|Any CPU.ActiveCfg = Release|Any CPU
		{1A0CE46B-0765-5AB8-D4CE-12BF2E8E7BE5}.Release|Any CPU.Build.0 = Release|Any CPU
		{72F200D8-5AF5-9C38-0138-53A5C9AAE384}.Debug|Any CPU.ActiveCfg = Debug|Any CPU
		{72F200D8-5AF5-9C38-0138-53A5C9AAE384}.Debug|Any CPU.Build.0 = Debug|Any CPU
		{72F200D8-5AF5-9C38-0138-53A5C9AAE384}.Release|Any CPU.ActiveCfg = Release|Any CPU
		{72F200D8-5AF5-9C38-0138-53A5C9AAE384}.Release|Any CPU.Build.0 = Release|Any CPU
	EndGlobalSection
	GlobalSection(SolutionProperties) = preSolution
		HideSolutionNode = FALSE
	EndGlobalSection
EndGlobal
